// !$*UTF8*$!
{
	archiveVersion = 1;
	classes = {
	};
	objectVersion = 46;
	objects = {

/* Begin PBXBuildFile section */
		58961EE41D2FA3AE009D5E06 /* AppDelegate.swift in Sources */ = {isa = PBXBuildFile; fileRef = 58961EE31D2FA3AE009D5E06 /* AppDelegate.swift */; };
		58961EE61D2FA3AE009D5E06 /* ViewController.swift in Sources */ = {isa = PBXBuildFile; fileRef = 58961EE51D2FA3AE009D5E06 /* ViewController.swift */; };
		58961EE91D2FA3AF009D5E06 /* Main.storyboard in Resources */ = {isa = PBXBuildFile; fileRef = 58961EE71D2FA3AF009D5E06 /* Main.storyboard */; };
		58961EEB1D2FA3B1009D5E06 /* Assets.xcassets in Resources */ = {isa = PBXBuildFile; fileRef = 58961EEA1D2FA3B1009D5E06 /* Assets.xcassets */; };
		58961EEE1D2FA3B1009D5E06 /* LaunchScreen.storyboard in Resources */ = {isa = PBXBuildFile; fileRef = 58961EEC1D2FA3B1009D5E06 /* LaunchScreen.storyboard */; };
		58961EF91D2FA3B4009D5E06 /* HandleLockDemoTests.swift in Sources */ = {isa = PBXBuildFile; fileRef = 58961EF81D2FA3B4009D5E06 /* HandleLockDemoTests.swift */; };
		58961F041D2FA3B4009D5E06 /* HandleLockDemoUITests.swift in Sources */ = {isa = PBXBuildFile; fileRef = 58961F031D2FA3B4009D5E06 /* HandleLockDemoUITests.swift */; };
		58961F121D2FA3FA009D5E06 /* LCHandleLockView.swift in Sources */ = {isa = PBXBuildFile; fileRef = 58961F111D2FA3FA009D5E06 /* LCHandleLockView.swift */; };
		58DBDDF71D40B33600D5A39D /* handle.gif in Resources */ = {isa = PBXBuildFile; fileRef = 58DBDDF61D40B33600D5A39D /* handle.gif */; };
/* End PBXBuildFile section */

/* Begin PBXContainerItemProxy section */
		58961EF51D2FA3B4009D5E06 /* PBXContainerItemProxy */ = {
			isa = PBXContainerItemProxy;
			containerPortal = 58961ED81D2FA3AC009D5E06 /* Project object */;
			proxyType = 1;
			remoteGlobalIDString = 58961EDF1D2FA3AC009D5E06;
			remoteInfo = HandleLockDemo;
		};
		58961F001D2FA3B4009D5E06 /* PBXContainerItemProxy */ = {
			isa = PBXContainerItemProxy;
			containerPortal = 58961ED81D2FA3AC009D5E06 /* Project object */;
			proxyType = 1;
			remoteGlobalIDString = 58961EDF1D2FA3AC009D5E06;
			remoteInfo = HandleLockDemo;
		};
/* End PBXContainerItemProxy section */

/* Begin PBXFileReference section */
		58961EE01D2FA3AC009D5E06 /* HandleLockDemo.app */ = {isa = PBXFileReference; explicitFileType = wrapper.application; includeInIndex = 0; path = HandleLockDemo.app; sourceTree = BUILT_PRODUCTS_DIR; };
		58961EE31D2FA3AE009D5E06 /* AppDelegate.swift */ = {isa = PBXFileReference; lastKnownFileType = sourcecode.swift; path = AppDelegate.swift; sourceTree = "<group>"; };
		58961EE51D2FA3AE009D5E06 /* ViewController.swift */ = {isa = PBXFileReference; lastKnownFileType = sourcecode.swift; path = ViewController.swift; sourceTree = "<group>"; };
		58961EE81D2FA3AF009D5E06 /* Base */ = {isa = PBXFileReference; lastKnownFileType = file.storyboard; name = Base; path = Base.lproj/Main.storyboard; sourceTree = "<group>"; };
		58961EEA1D2FA3B1009D5E06 /* Assets.xcassets */ = {isa = PBXFileReference; lastKnownFileType = folder.assetcatalog; path = Assets.xcassets; sourceTree = "<group>"; };
		58961EED1D2FA3B1009D5E06 /* Base */ = {isa = PBXFileReference; lastKnownFileType = file.storyboard; name = Base; path = Base.lproj/LaunchScreen.storyboard; sourceTree = "<group>"; };
		58961EEF1D2FA3B1009D5E06 /* Info.plist */ = {isa = PBXFileReference; lastKnownFileType = text.plist.xml; path = Info.plist; sourceTree = "<group>"; };
		58961EF41D2FA3B4009D5E06 /* HandleLockDemoTests.xctest */ = {isa = PBXFileReference; explicitFileType = wrapper.cfbundle; includeInIndex = 0; path = HandleLockDemoTests.xctest; sourceTree = BUILT_PRODUCTS_DIR; };
		58961EF81D2FA3B4009D5E06 /* HandleLockDemoTests.swift */ = {isa = PBXFileReference; lastKnownFileType = sourcecode.swift; path = HandleLockDemoTests.swift; sourceTree = "<group>"; };
		58961EFA1D2FA3B4009D5E06 /* Info.plist */ = {isa = PBXFileReference; lastKnownFileType = text.plist.xml; path = Info.plist; sourceTree = "<group>"; };
		58961EFF1D2FA3B4009D5E06 /* HandleLockDemoUITests.xctest */ = {isa = PBXFileReference; explicitFileType = wrapper.cfbundle; includeInIndex = 0; path = HandleLockDemoUITests.xctest; sourceTree = BUILT_PRODUCTS_DIR; };
		58961F031D2FA3B4009D5E06 /* HandleLockDemoUITests.swift */ = {isa = PBXFileReference; lastKnownFileType = sourcecode.swift; path = HandleLockDemoUITests.swift; sourceTree = "<group>"; };
		58961F051D2FA3B4009D5E06 /* Info.plist */ = {isa = PBXFileReference; lastKnownFileType = text.plist.xml; path = Info.plist; sourceTree = "<group>"; };
		58961F111D2FA3FA009D5E06 /* LCHandleLockView.swift */ = {isa = PBXFileReference; fileEncoding = 4; lastKnownFileType = sourcecode.swift; path = LCHandleLockView.swift; sourceTree = "<group>"; };
		58DBDDF61D40B33600D5A39D /* handle.gif */ = {isa = PBXFileReference; lastKnownFileType = image.gif; path = handle.gif; sourceTree = "<group>"; };
/* End PBXFileReference section */

/* Begin PBXFrameworksBuildPhase section */
		58961EDD1D2FA3AC009D5E06 /* Frameworks */ = {
			isa = PBXFrameworksBuildPhase;
			buildActionMask = 2147483647;
			files = (
			);
			runOnlyForDeploymentPostprocessing = 0;
		};
		58961EF11D2FA3B4009D5E06 /* Frameworks */ = {
			isa = PBXFrameworksBuildPhase;
			buildActionMask = 2147483647;
			files = (
			);
			runOnlyForDeploymentPostprocessing = 0;
		};
		58961EFC1D2FA3B4009D5E06 /* Frameworks */ = {
			isa = PBXFrameworksBuildPhase;
			buildActionMask = 2147483647;
			files = (
			);
			runOnlyForDeploymentPostprocessing = 0;
		};
/* End PBXFrameworksBuildPhase section */

/* Begin PBXGroup section */
		58961ED71D2FA3AC009D5E06 = {
			isa = PBXGroup;
			children = (
				58961EE21D2FA3AE009D5E06 /* HandleLockDemo */,
				58961EF71D2FA3B4009D5E06 /* HandleLockDemoTests */,
				58961F021D2FA3B4009D5E06 /* HandleLockDemoUITests */,
				58961EE11D2FA3AC009D5E06 /* Products */,
			);
			sourceTree = "<group>";
		};
		58961EE11D2FA3AC009D5E06 /* Products */ = {
			isa = PBXGroup;
			children = (
				58961EE01D2FA3AC009D5E06 /* HandleLockDemo.app */,
				58961EF41D2FA3B4009D5E06 /* HandleLockDemoTests.xctest */,
				58961EFF1D2FA3B4009D5E06 /* HandleLockDemoUITests.xctest */,
			);
			name = Products;
			sourceTree = "<group>";
		};
		58961EE21D2FA3AE009D5E06 /* HandleLockDemo */ = {
			isa = PBXGroup;
			children = (
				58DBDDF61D40B33600D5A39D /* handle.gif */,
				58961EE31D2FA3AE009D5E06 /* AppDelegate.swift */,
				58961EE51D2FA3AE009D5E06 /* ViewController.swift */,
				58961EE71D2FA3AF009D5E06 /* Main.storyboard */,
				58961EEA1D2FA3B1009D5E06 /* Assets.xcassets */,
				58961EEC1D2FA3B1009D5E06 /* LaunchScreen.storyboard */,
				58961EEF1D2FA3B1009D5E06 /* Info.plist */,
				58961F111D2FA3FA009D5E06 /* LCHandleLockView.swift */,
			);
			path = HandleLockDemo;
			sourceTree = "<group>";
		};
		58961EF71D2FA3B4009D5E06 /* HandleLockDemoTests */ = {
			isa = PBXGroup;
			children = (
				58961EF81D2FA3B4009D5E06 /* HandleLockDemoTests.swift */,
				58961EFA1D2FA3B4009D5E06 /* Info.plist */,
			);
			path = HandleLockDemoTests;
			sourceTree = "<group>";
		};
		58961F021D2FA3B4009D5E06 /* HandleLockDemoUITests */ = {
			isa = PBXGroup;
			children = (
				58961F031D2FA3B4009D5E06 /* HandleLockDemoUITests.swift */,
				58961F051D2FA3B4009D5E06 /* Info.plist */,
			);
			path = HandleLockDemoUITests;
			sourceTree = "<group>";
		};
/* End PBXGroup section */

/* Begin PBXNativeTarget section */
		58961EDF1D2FA3AC009D5E06 /* HandleLockDemo */ = {
			isa = PBXNativeTarget;
			buildConfigurationList = 58961F081D2FA3B4009D5E06 /* Build configuration list for PBXNativeTarget "HandleLockDemo" */;
			buildPhases = (
				58961EDC1D2FA3AC009D5E06 /* Sources */,
				58961EDD1D2FA3AC009D5E06 /* Frameworks */,
				58961EDE1D2FA3AC009D5E06 /* Resources */,
			);
			buildRules = (
			);
			dependencies = (
			);
			name = HandleLockDemo;
			productName = HandleLockDemo;
			productReference = 58961EE01D2FA3AC009D5E06 /* HandleLockDemo.app */;
			productType = "com.apple.product-type.application";
		};
		58961EF31D2FA3B4009D5E06 /* HandleLockDemoTests */ = {
			isa = PBXNativeTarget;
			buildConfigurationList = 58961F0B1D2FA3B4009D5E06 /* Build configuration list for PBXNativeTarget "HandleLockDemoTests" */;
			buildPhases = (
				58961EF01D2FA3B4009D5E06 /* Sources */,
				58961EF11D2FA3B4009D5E06 /* Frameworks */,
				58961EF21D2FA3B4009D5E06 /* Resources */,
			);
			buildRules = (
			);
			dependencies = (
				58961EF61D2FA3B4009D5E06 /* PBXTargetDependency */,
			);
			name = HandleLockDemoTests;
			productName = HandleLockDemoTests;
			productReference = 58961EF41D2FA3B4009D5E06 /* HandleLockDemoTests.xctest */;
			productType = "com.apple.product-type.bundle.unit-test";
		};
		58961EFE1D2FA3B4009D5E06 /* HandleLockDemoUITests */ = {
			isa = PBXNativeTarget;
			buildConfigurationList = 58961F0E1D2FA3B4009D5E06 /* Build configuration list for PBXNativeTarget "HandleLockDemoUITests" */;
			buildPhases = (
				58961EFB1D2FA3B4009D5E06 /* Sources */,
				58961EFC1D2FA3B4009D5E06 /* Frameworks */,
				58961EFD1D2FA3B4009D5E06 /* Resources */,
			);
			buildRules = (
			);
			dependencies = (
				58961F011D2FA3B4009D5E06 /* PBXTargetDependency */,
			);
			name = HandleLockDemoUITests;
			productName = HandleLockDemoUITests;
			productReference = 58961EFF1D2FA3B4009D5E06 /* HandleLockDemoUITests.xctest */;
			productType = "com.apple.product-type.bundle.ui-testing";
		};
/* End PBXNativeTarget section */

/* Begin PBXProject section */
		58961ED81D2FA3AC009D5E06 /* Project object */ = {
			isa = PBXProject;
			attributes = {
				LastSwiftUpdateCheck = 0730;
				LastUpgradeCheck = 0730;
				ORGANIZATIONNAME = ifdoo;
				TargetAttributes = {
					58961EDF1D2FA3AC009D5E06 = {
						CreatedOnToolsVersion = 7.3;
					};
					58961EF31D2FA3B4009D5E06 = {
						CreatedOnToolsVersion = 7.3;
						TestTargetID = 58961EDF1D2FA3AC009D5E06;
					};
					58961EFE1D2FA3B4009D5E06 = {
						CreatedOnToolsVersion = 7.3;
						TestTargetID = 58961EDF1D2FA3AC009D5E06;
					};
				};
			};
			buildConfigurationList = 58961EDB1D2FA3AC009D5E06 /* Build configuration list for PBXProject "HandleLockDemo" */;
			compatibilityVersion = "Xcode 3.2";
			developmentRegion = English;
			hasScannedForEncodings = 0;
			knownRegions = (
				en,
				Base,
			);
			mainGroup = 58961ED71D2FA3AC009D5E06;
			productRefGroup = 58961EE11D2FA3AC009D5E06 /* Products */;
			projectDirPath = "";
			projectRoot = "";
			targets = (
				58961EDF1D2FA3AC009D5E06 /* HandleLockDemo */,
				58961EF31D2FA3B4009D5E06 /* HandleLockDemoTests */,
				58961EFE1D2FA3B4009D5E06 /* HandleLockDemoUITests */,
			);
		};
/* End PBXProject section */

/* Begin PBXResourcesBuildPhase section */
		58961EDE1D2FA3AC009D5E06 /* Resources */ = {
			isa = PBXResourcesBuildPhase;
			buildActionMask = 2147483647;
			files = (
				58961EEE1D2FA3B1009D5E06 /* LaunchScreen.storyboard in Resources */,
				58961EEB1D2FA3B1009D5E06 /* Assets.xcassets in Resources */,
				58DBDDF71D40B33600D5A39D /* handle.gif in Resources */,
				58961EE91D2FA3AF009D5E06 /* Main.storyboard in Resources */,
			);
			runOnlyForDeploymentPostprocessing = 0;
		};
		58961EF21D2FA3B4009D5E06 /* Resources */ = {
			isa = PBXResourcesBuildPhase;
			buildActionMask = 2147483647;
			files = (
			);
			runOnlyForDeploymentPostprocessing = 0;
		};
		58961EFD1D2FA3B4009D5E06 /* Resources */ = {
			isa = PBXResourcesBuildPhase;
			buildActionMask = 2147483647;
			files = (
			);
			runOnlyForDeploymentPostprocessing = 0;
		};
/* End PBXResourcesBuildPhase section */

/* Begin PBXSourcesBuildPhase section */
		58961EDC1D2FA3AC009D5E06 /* Sources */ = {
			isa = PBXSourcesBuildPhase;
			buildActionMask = 2147483647;
			files = (
				58961F121D2FA3FA009D5E06 /* LCHandleLockView.swift in Sources */,
				58961EE61D2FA3AE009D5E06 /* ViewController.swift in Sources */,
				58961EE41D2FA3AE009D5E06 /* AppDelegate.swift in Sources */,
			);
			runOnlyForDeploymentPostprocessing = 0;
		};
		58961EF01D2FA3B4009D5E06 /* Sources */ = {
			isa = PBXSourcesBuildPhase;
			buildActionMask = 2147483647;
			files = (
				58961EF91D2FA3B4009D5E06 /* HandleLockDemoTests.swift in Sources */,
			);
			runOnlyForDeploymentPostprocessing = 0;
		};
		58961EFB1D2FA3B4009D5E06 /* Sources */ = {
			isa = PBXSourcesBuildPhase;
			buildActionMask = 2147483647;
			files = (
				58961F041D2FA3B4009D5E06 /* HandleLockDemoUITests.swift in Sources */,
			);
			runOnlyForDeploymentPostprocessing = 0;
		};
/* End PBXSourcesBuildPhase section */

/* Begin PBXTargetDependency section */
		58961EF61D2FA3B4009D5E06 /* PBXTargetDependency */ = {
			isa = PBXTargetDependency;
			target = 58961EDF1D2FA3AC009D5E06 /* HandleLockDemo */;
			targetProxy = 58961EF51D2FA3B4009D5E06 /* PBXContainerItemProxy */;
		};
		58961F011D2FA3B4009D5E06 /* PBXTargetDependency */ = {
			isa = PBXTargetDependency;
			target = 58961EDF1D2FA3AC009D5E06 /* HandleLockDemo */;
			targetProxy = 58961F001D2FA3B4009D5E06 /* PBXContainerItemProxy */;
		};
/* End PBXTargetDependency section */

/* Begin PBXVariantGroup section */
		58961EE71D2FA3AF009D5E06 /* Main.storyboard */ = {
			isa = PBXVariantGroup;
			children = (
				58961EE81D2FA3AF009D5E06 /* Base */,
			);
			name = Main.storyboard;
			sourceTree = "<group>";
		};
		58961EEC1D2FA3B1009D5E06 /* LaunchScreen.storyboard */ = {
			isa = PBXVariantGroup;
			children = (
				58961EED1D2FA3B1009D5E06 /* Base */,
			);
			name = LaunchScreen.storyboard;
			sourceTree = "<group>";
		};
/* End PBXVariantGroup section */

/* Begin XCBuildConfiguration section */
		58961F061D2FA3B4009D5E06 /* Debug */ = {
			isa = XCBuildConfiguration;
			buildSettings = {
				ALWAYS_SEARCH_USER_PATHS = NO;
				CLANG_ANALYZER_NONNULL = YES;
				CLANG_CXX_LANGUAGE_STANDARD = "gnu++0x";
				CLANG_CXX_LIBRARY = "libc++";
				CLANG_ENABLE_MODULES = YES;
				CLANG_ENABLE_OBJC_ARC = YES;
				CLANG_WARN_BOOL_CONVERSION = YES;
				CLANG_WARN_CONSTANT_CONVERSION = YES;
				CLANG_WARN_DIRECT_OBJC_ISA_USAGE = YES_ERROR;
				CLANG_WARN_EMPTY_BODY = YES;
				CLANG_WARN_ENUM_CONVERSION = YES;
				CLANG_WARN_INT_CONVERSION = YES;
				CLANG_WARN_OBJC_ROOT_CLASS = YES_ERROR;
				CLANG_WARN_UNREACHABLE_CODE = YES;
				CLANG_WARN__DUPLICATE_METHOD_MATCH = YES;
				"CODE_SIGN_IDENTITY[sdk=iphoneos*]" = "iPhone Developer";
				COPY_PHASE_STRIP = NO;
				DEBUG_INFORMATION_FORMAT = dwarf;
				ENABLE_STRICT_OBJC_MSGSEND = YES;
				ENABLE_TESTABILITY = YES;
				GCC_C_LANGUAGE_STANDARD = gnu99;
				GCC_DYNAMIC_NO_PIC = NO;
				GCC_NO_COMMON_BLOCKS = YES;
				GCC_OPTIMIZATION_LEVEL = 0;
				GCC_PREPROCESSOR_DEFINITIONS = (
					"DEBUG=1",
					"$(inherited)",
				);
				GCC_WARN_64_TO_32_BIT_CONVERSION = YES;
				GCC_WARN_ABOUT_RETURN_TYPE = YES_ERROR;
				GCC_WARN_UNDECLARED_SELECTOR = YES;
				GCC_WARN_UNINITIALIZED_AUTOS = YES_AGGRESSIVE;
				GCC_WARN_UNUSED_FUNCTION = YES;
				GCC_WARN_UNUSED_VARIABLE = YES;
				IPHONEOS_DEPLOYMENT_TARGET = 9.3;
				MTL_ENABLE_DEBUG_INFO = YES;
				ONLY_ACTIVE_ARCH = YES;
				SDKROOT = iphoneos;
				SWIFT_OPTIMIZATION_LEVEL = "-Onone";
			};
			name = Debug;
		};
		58961F071D2FA3B4009D5E06 /* Release */ = {
			isa = XCBuildConfiguration;
			buildSettings = {
				ALWAYS_SEARCH_USER_PATHS = NO;
				CLANG_ANALYZER_NONNULL = YES;
				CLANG_CXX_LANGUAGE_STANDARD = "gnu++0x";
				CLANG_CXX_LIBRARY = "libc++";
				CLANG_ENABLE_MODULES = YES;
				CLANG_ENABLE_OBJC_ARC = YES;
				CLANG_WARN_BOOL_CONVERSION = YES;
				CLANG_WARN_CONSTANT_CONVERSION = YES;
				CLANG_WARN_DIRECT_OBJC_ISA_USAGE = YES_ERROR;
				CLANG_WARN_EMPTY_BODY = YES;
				CLANG_WARN_ENUM_CONVERSION = YES;
				CLANG_WARN_INT_CONVERSION = YES;
				CLANG_WARN_OBJC_ROOT_CLASS = YES_ERROR;
				CLANG_WARN_UNREACHABLE_CODE = YES;
				CLANG_WARN__DUPLICATE_METHOD_MATCH = YES;
				"CODE_SIGN_IDENTITY[sdk=iphoneos*]" = "iPhone Developer";
				COPY_PHASE_STRIP = NO;
				DEBUG_INFORMATION_FORMAT = "dwarf-with-dsym";
				ENABLE_NS_ASSERTIONS = NO;
				ENABLE_STRICT_OBJC_MSGSEND = YES;
				GCC_C_LANGUAGE_STANDARD = gnu99;
				GCC_NO_COMMON_BLOCKS = YES;
				GCC_WARN_64_TO_32_BIT_CONVERSION = YES;
				GCC_WARN_ABOUT_RETURN_TYPE = YES_ERROR;
				GCC_WARN_UNDECLARED_SELECTOR = YES;
				GCC_WARN_UNINITIALIZED_AUTOS = YES_AGGRESSIVE;
				GCC_WARN_UNUSED_FUNCTION = YES;
				GCC_WARN_UNUSED_VARIABLE = YES;
				IPHONEOS_DEPLOYMENT_TARGET = 9.3;
				MTL_ENABLE_DEBUG_INFO = NO;
				SDKROOT = iphoneos;
				VALIDATE_PRODUCT = YES;
			};
			name = Release;
		};
		58961F091D2FA3B4009D5E06 /* Debug */ = {
			isa = XCBuildConfiguration;
			buildSettings = {
				ASSETCATALOG_COMPILER_APPICON_NAME = AppIcon;
				INFOPLIST_FILE = HandleLockDemo/Info.plist;
				LD_RUNPATH_SEARCH_PATHS = "$(inherited) @executable_path/Frameworks";
				PRODUCT_BUNDLE_IDENTIFIER = "LiuChang-Project.HandleLockDemo";
				PRODUCT_NAME = "$(TARGET_NAME)";
			};
			name = Debug;
		};
		58961F0A1D2FA3B4009D5E06 /* Release */ = {
			isa = XCBuildConfiguration;
			buildSettings = {
				ASSETCATALOG_COMPILER_APPICON_NAME = AppIcon;
				INFOPLIST_FILE = HandleLockDemo/Info.plist;
				LD_RUNPATH_SEARCH_PATHS = "$(inherited) @executable_path/Frameworks";
				PRODUCT_BUNDLE_IDENTIFIER = "LiuChang-Project.HandleLockDemo";
				PRODUCT_NAME = "$(TARGET_NAME)";
			};
			name = Release;
		};
		58961F0C1D2FA3B4009D5E06 /* Debug */ = {
			isa = XCBuildConfiguration;
			buildSettings = {
				BUNDLE_LOADER = "$(TEST_HOST)";
				INFOPLIST_FILE = HandleLockDemoTests/Info.plist;
				LD_RUNPATH_SEARCH_PATHS = "$(inherited) @executable_path/Frameworks @loader_path/Frameworks";
				PRODUCT_BUNDLE_IDENTIFIER = "LiuChang-Project.HandleLockDemoTests";
				PRODUCT_NAME = "$(TARGET_NAME)";
				TEST_HOST = "$(BUILT_PRODUCTS_DIR)/HandleLockDemo.app/HandleLockDemo";
			};
			name = Debug;
		};
		58961F0D1D2FA3B4009D5E06 /* Release */ = {
			isa = XCBuildConfiguration;
			buildSettings = {
				BUNDLE_LOADER = "$(TEST_HOST)";
				INFOPLIST_FILE = HandleLockDemoTests/Info.plist;
				LD_RUNPATH_SEARCH_PATHS = "$(inherited) @executable_path/Frameworks @loader_path/Frameworks";
				PRODUCT_BUNDLE_IDENTIFIER = "LiuChang-Project.HandleLockDemoTests";
				PRODUCT_NAME = "$(TARGET_NAME)";
				TEST_HOST = "$(BUILT_PRODUCTS_DIR)/HandleLockDemo.app/HandleLockDemo";
			};
			name = Release;
		};
		58961F0F1D2FA3B4009D5E06 /* Debug */ = {
			isa = XCBuildConfiguration;
			buildSettings = {
				INFOPLIST_FILE = HandleLockDemoUITests/Info.plist;
				LD_RUNPATH_SEARCH_PATHS = "$(inherited) @executable_path/Frameworks @loader_path/Frameworks";
				PRODUCT_BUNDLE_IDENTIFIER = "LiuChang-Project.HandleLockDemoUITests";
				PRODUCT_NAME = "$(TARGET_NAME)";
				TEST_TARGET_NAME = HandleLockDemo;
			};
			name = Debug;
		};
		58961F101D2FA3B4009D5E06 /* Release */ = {
			isa = XCBuildConfiguration;
			buildSettings = {
				INFOPLIST_FILE = HandleLockDemoUITests/Info.plist;
				LD_RUNPATH_SEARCH_PATHS = "$(inherited) @executable_path/Frameworks @loader_path/Frameworks";
				PRODUCT_BUNDLE_IDENTIFIER = "LiuChang-Project.HandleLockDemoUITests";
				PRODUCT_NAME = "$(TARGET_NAME)";
				TEST_TARGET_NAME = HandleLockDemo;
			};
			name = Release;
		};
/* End XCBuildConfiguration section */

/* Begin XCConfigurationList section */
		58961EDB1D2FA3AC009D5E06 /* Build configuration list for PBXProject "HandleLockDemo" */ = {
			isa = XCConfigurationList;
			buildConfigurations = (
				58961F061D2FA3B4009D5E06 /* Debug */,
				58961F071D2FA3B4009D5E06 /* Release */,
			);
			defaultConfigurationIsVisible = 0;
			defaultConfigurationName = Release;
		};
		58961F081D2FA3B4009D5E06 /* Build configuration list for PBXNativeTarget "HandleLockDemo" */ = {
			isa = XCConfigurationList;
			buildConfigurations = (
				58961F091D2FA3B4009D5E06 /* Debug */,
				58961F0A1D2FA3B4009D5E06 /* Release */,
			);
			defaultConfigurationIsVisible = 0;
			defaultConfigurationName = Release;
		};
		58961F0B1D2FA3B4009D5E06 /* Build configuration list for PBXNativeTarget "HandleLockDemoTests" */ = {
			isa = XCConfigurationList;
			buildConfigurations = (
				58961F0C1D2FA3B4009D5E06 /* Debug */,
				58961F0D1D2FA3B4009D5E06 /* Release */,
			);
			defaultConfigurationIsVisible = 0;
			defaultConfigurationName = Release;
		};
		58961F0E1D2FA3B4009D5E06 /* Build configuration list for PBXNativeTarget "HandleLockDemoUITests" */ = {
			isa = XCConfigurationList;
			buildConfigurations = (
				58961F0F1D2FA3B4009D5E06 /* Debug */,
				58961F101D2FA3B4009D5E06 /* Release */,
			);
			defaultConfigurationIsVisible = 0;
			defaultConfigurationName = Release;
		};
/* End XCConfigurationList section */
	};
	rootObject = 58961ED81D2FA3AC009D5E06 /* Project object */;
}
